// !$*UTF8*$!
{
	archiveVersion = 1;
	classes = {
	};
	objectVersion = 52;
	objects = {

/* Begin PBXBuildFile section */
		D2112BCD24C97D4D00651A25 /* AppDelegate.swift in Sources */ = {isa = PBXBuildFile; fileRef = D2112BCC24C97D4D00651A25 /* AppDelegate.swift */; };
		D2112BCF24C97D4D00651A25 /* SceneDelegate.swift in Sources */ = {isa = PBXBuildFile; fileRef = D2112BCE24C97D4D00651A25 /* SceneDelegate.swift */; };
		D2112BD124C97D4D00651A25 /* ViewController.swift in Sources */ = {isa = PBXBuildFile; fileRef = D2112BD024C97D4D00651A25 /* ViewController.swift */; };
		D2112BD424C97D4D00651A25 /* Main.storyboard in Resources */ = {isa = PBXBuildFile; fileRef = D2112BD224C97D4D00651A25 /* Main.storyboard */; };
		D2112BD624C97D5300651A25 /* Assets.xcassets in Resources */ = {isa = PBXBuildFile; fileRef = D2112BD524C97D5300651A25 /* Assets.xcassets */; };
		D2112BD924C97D5300651A25 /* LaunchScreen.storyboard in Resources */ = {isa = PBXBuildFile; fileRef = D2112BD724C97D5300651A25 /* LaunchScreen.storyboard */; };
		D2112BE224C97F5900651A25 /* SnapKit in Frameworks */ = {isa = PBXBuildFile; productRef = D2112BE124C97F5900651A25 /* SnapKit */; };
		D2112BE424C97F9100651A25 /* MainView.swift in Sources */ = {isa = PBXBuildFile; fileRef = D2112BE324C97F9100651A25 /* MainView.swift */; };
		D2112BE624C9875500651A25 /* LabelsView.swift in Sources */ = {isa = PBXBuildFile; fileRef = D2112BE524C9875500651A25 /* LabelsView.swift */; };
/* End PBXBuildFile section */

/* Begin PBXFileReference section */
		D2112BC924C97D4D00651A25 /* UIRepresentableSample.app */ = {isa = PBXFileReference; explicitFileType = wrapper.application; includeInIndex = 0; path = UIRepresentableSample.app; sourceTree = BUILT_PRODUCTS_DIR; };
		D2112BCC24C97D4D00651A25 /* AppDelegate.swift */ = {isa = PBXFileReference; lastKnownFileType = sourcecode.swift; path = AppDelegate.swift; sourceTree = "<group>"; };
		D2112BCE24C97D4D00651A25 /* SceneDelegate.swift */ = {isa = PBXFileReference; lastKnownFileType = sourcecode.swift; path = SceneDelegate.swift; sourceTree = "<group>"; };
		D2112BD024C97D4D00651A25 /* ViewController.swift */ = {isa = PBXFileReference; lastKnownFileType = sourcecode.swift; path = ViewController.swift; sourceTree = "<group>"; };
		D2112BD324C97D4D00651A25 /* Base */ = {isa = PBXFileReference; lastKnownFileType = file.storyboard; name = Base; path = Base.lproj/Main.storyboard; sourceTree = "<group>"; };
		D2112BD524C97D5300651A25 /* Assets.xcassets */ = {isa = PBXFileReference; lastKnownFileType = folder.assetcatalog; path = Assets.xcassets; sourceTree = "<group>"; };
		D2112BD824C97D5300651A25 /* Base */ = {isa = PBXFileReference; lastKnownFileType = file.storyboard; name = Base; path = Base.lproj/LaunchScreen.storyboard; sourceTree = "<group>"; };
		D2112BDA24C97D5300651A25 /* Info.plist */ = {isa = PBXFileReference; lastKnownFileType = text.plist.xml; path = Info.plist; sourceTree = "<group>"; };
		D2112BE324C97F9100651A25 /* MainView.swift */ = {isa = PBXFileReference; lastKnownFileType = sourcecode.swift; path = MainView.swift; sourceTree = "<group>"; };
		D2112BE524C9875500651A25 /* LabelsView.swift */ = {isa = PBXFileReference; lastKnownFileType = sourcecode.swift; path = LabelsView.swift; sourceTree = "<group>"; };
/* End PBXFileReference section */

/* Begin PBXFrameworksBuildPhase section */
		D2112BC624C97D4D00651A25 /* Frameworks */ = {
			isa = PBXFrameworksBuildPhase;
			buildActionMask = 2147483647;
			files = (
				D2112BE224C97F5900651A25 /* SnapKit in Frameworks */,
			);
			runOnlyForDeploymentPostprocessing = 0;
		};
/* End PBXFrameworksBuildPhase section */

/* Begin PBXGroup section */
		D2112BC024C97D4D00651A25 = {
			isa = PBXGroup;
			children = (
				D2112BCB24C97D4D00651A25 /* UIRepresentableSample */,
				D2112BCA24C97D4D00651A25 /* Products */,
			);
			sourceTree = "<group>";
		};
		D2112BCA24C97D4D00651A25 /* Products */ = {
			isa = PBXGroup;
			children = (
				D2112BC924C97D4D00651A25 /* UIRepresentableSample.app */,
			);
			name = Products;
			sourceTree = "<group>";
		};
		D2112BCB24C97D4D00651A25 /* UIRepresentableSample */ = {
			isa = PBXGroup;
			children = (
				D2112BCC24C97D4D00651A25 /* AppDelegate.swift */,
				D2112BCE24C97D4D00651A25 /* SceneDelegate.swift */,
				D2112BD024C97D4D00651A25 /* ViewController.swift */,
				D2112BE324C97F9100651A25 /* MainView.swift */,
				D2112BE524C9875500651A25 /* LabelsView.swift */,
				D2112BD224C97D4D00651A25 /* Main.storyboard */,
				D2112BD524C97D5300651A25 /* Assets.xcassets */,
				D2112BD724C97D5300651A25 /* LaunchScreen.storyboard */,
				D2112BDA24C97D5300651A25 /* Info.plist */,
			);
			path = UIRepresentableSample;
			sourceTree = "<group>";
		};
/* End PBXGroup section */

/* Begin PBXNativeTarget section */
		D2112BC824C97D4D00651A25 /* UIRepresentableSample */ = {
			isa = PBXNativeTarget;
			buildConfigurationList = D2112BDD24C97D5300651A25 /* Build configuration list for PBXNativeTarget "UIRepresentableSample" */;
			buildPhases = (
				D2112BC524C97D4D00651A25 /* Sources */,
				D2112BC624C97D4D00651A25 /* Frameworks */,
				D2112BC724C97D4D00651A25 /* Resources */,
			);
			buildRules = (
			);
			dependencies = (
			);
			name = UIRepresentableSample;
			packageProductDependencies = (
				D2112BE124C97F5900651A25 /* SnapKit */,
			);
			productName = UIRepresentableSample;
			productReference = D2112BC924C97D4D00651A25 /* UIRepresentableSample.app */;
			productType = "com.apple.product-type.application";
		};
/* End PBXNativeTarget section */

/* Begin PBXProject section */
		D2112BC124C97D4D00651A25 /* Project object */ = {
			isa = PBXProject;
			attributes = {
				LastSwiftUpdateCheck = 1150;
				LastUpgradeCheck = 1150;
				ORGANIZATIONNAME = scoooop;
				TargetAttributes = {
					D2112BC824C97D4D00651A25 = {
						CreatedOnToolsVersion = 11.5;
					};
				};
			};
			buildConfigurationList = D2112BC424C97D4D00651A25 /* Build configuration list for PBXProject "UIRepresentableSample" */;
			compatibilityVersion = "Xcode 9.3";
			developmentRegion = en;
			hasScannedForEncodings = 0;
			knownRegions = (
				en,
				Base,
			);
			mainGroup = D2112BC024C97D4D00651A25;
			packageReferences = (
				D2112BE024C97F5900651A25 /* XCRemoteSwiftPackageReference "SnapKit" */,
			);
			productRefGroup = D2112BCA24C97D4D00651A25 /* Products */;
			projectDirPath = "";
			projectRoot = "";
			targets = (
				D2112BC824C97D4D00651A25 /* UIRepresentableSample */,
			);
		};
/* End PBXProject section */

/* Begin PBXResourcesBuildPhase section */
		D2112BC724C97D4D00651A25 /* Resources */ = {
			isa = PBXResourcesBuildPhase;
			buildActionMask = 2147483647;
			files = (
				D2112BD924C97D5300651A25 /* LaunchScreen.storyboard in Resources */,
				D2112BD624C97D5300651A25 /* Assets.xcassets in Resources */,
				D2112BD424C97D4D00651A25 /* Main.storyboard in Resources */,
			);
			runOnlyForDeploymentPostprocessing = 0;
		};
/* End PBXResourcesBuildPhase section */

/* Begin PBXSourcesBuildPhase section */
		D2112BC524C97D4D00651A25 /* Sources */ = {
			isa = PBXSourcesBuildPhase;
			buildActionMask = 2147483647;
			files = (
				D2112BD124C97D4D00651A25 /* ViewController.swift in Sources */,
				D2112BE624C9875500651A25 /* LabelsView.swift in Sources */,
				D2112BE424C97F9100651A25 /* MainView.swift in Sources */,
				D2112BCD24C97D4D00651A25 /* AppDelegate.swift in Sources */,
				D2112BCF24C97D4D00651A25 /* SceneDelegate.swift in Sources */,
			);
			runOnlyForDeploymentPostprocessing = 0;
		};
/* End PBXSourcesBuildPhase section */

/* Begin PBXVariantGroup section */
		D2112BD224C97D4D00651A25 /* Main.storyboard */ = {
			isa = PBXVariantGroup;
			children = (
				D2112BD324C97D4D00651A25 /* Base */,
			);
			name = Main.storyboard;
			sourceTree = "<group>";
		};
		D2112BD724C97D5300651A25 /* LaunchScreen.storyboard */ = {
			isa = PBXVariantGroup;
			children = (
				D2112BD824C97D5300651A25 /* Base */,
			);
			name = LaunchScreen.storyboard;
			sourceTree = "<group>";
		};
/* End PBXVariantGroup section */

/* Begin XCBuildConfiguration section */
		D2112BDB24C97D5300651A25 /* Debug */ = {
			isa = XCBuildConfiguration;
			buildSettings = {
				ALWAYS_SEARCH_USER_PATHS = NO;
				CLANG_ANALYZER_NONNULL = YES;
				CLANG_ANALYZER_NUMBER_OBJECT_CONVERSION = YES_AGGRESSIVE;
				CLANG_CXX_LANGUAGE_STANDARD = "gnu++14";
				CLANG_CXX_LIBRARY = "libc++";
				CLANG_ENABLE_MODULES = YES;
				CLANG_ENABLE_OBJC_ARC = YES;
				CLANG_ENABLE_OBJC_WEAK = YES;
				CLANG_WARN_BLOCK_CAPTURE_AUTORELEASING = YES;
				CLANG_WARN_BOOL_CONVERSION = YES;
				CLANG_WARN_COMMA = YES;
				CLANG_WARN_CONSTANT_CONVERSION = YES;
				CLANG_WARN_DEPRECATED_OBJC_IMPLEMENTATIONS = YES;
				CLANG_WARN_DIRECT_OBJC_ISA_USAGE = YES_ERROR;
				CLANG_WARN_DOCUMENTATION_COMMENTS = YES;
				CLANG_WARN_EMPTY_BODY = YES;
				CLANG_WARN_ENUM_CONVERSION = YES;
				CLANG_WARN_INFINITE_RECURSION = YES;
				CLANG_WARN_INT_CONVERSION = YES;
				CLANG_WARN_NON_LITERAL_NULL_CONVERSION = YES;
				CLANG_WARN_OBJC_IMPLICIT_RETAIN_SELF = YES;
				CLANG_WARN_OBJC_LITERAL_CONVERSION = YES;
				CLANG_WARN_OBJC_ROOT_CLASS = YES_ERROR;
				CLANG_WARN_RANGE_LOOP_ANALYSIS = YES;
				CLANG_WARN_STRICT_PROTOTYPES = YES;
				CLANG_WARN_SUSPICIOUS_MOVE = YES;
				CLANG_WARN_UNGUARDED_AVAILABILITY = YES_AGGRESSIVE;
				CLANG_WARN_UNREACHABLE_CODE = YES;
				CLANG_WARN__DUPLICATE_METHOD_MATCH = YES;
				COPY_PHASE_STRIP = NO;
				DEBUG_INFORMATION_FORMAT = dwarf;
				ENABLE_STRICT_OBJC_MSGSEND = YES;
				ENABLE_TESTABILITY = YES;
				GCC_C_LANGUAGE_STANDARD = gnu11;
				GCC_DYNAMIC_NO_PIC = NO;
				GCC_NO_COMMON_BLOCKS = YES;
				GCC_OPTIMIZATION_LEVEL = 0;
				GCC_PREPROCESSOR_DEFINITIONS = (
					"DEBUG=1",
					"$(inherited)",
				);
				GCC_WARN_64_TO_32_BIT_CONVERSION = YES;
				GCC_WARN_ABOUT_RETURN_TYPE = YES_ERROR;
				GCC_WARN_UNDECLARED_SELECTOR = YES;
				GCC_WARN_UNINITIALIZED_AUTOS = YES_AGGRESSIVE;
				GCC_WARN_UNUSED_FUNCTION = YES;
				GCC_WARN_UNUSED_VARIABLE = YES;
				IPHONEOS_DEPLOYMENT_TARGET = 13.5;
				MTL_ENABLE_DEBUG_INFO = INCLUDE_SOURCE;
				MTL_FAST_MATH = YES;
				ONLY_ACTIVE_ARCH = YES;
				SDKROOT = iphoneos;
				SWIFT_ACTIVE_COMPILATION_CONDITIONS = DEBUG;
				SWIFT_OPTIMIZATION_LEVEL = "-Onone";
			};
			name = Debug;
		};
		D2112BDC24C97D5300651A25 /* Release */ = {
			isa = XCBuildConfiguration;
			buildSettings = {
				ALWAYS_SEARCH_USER_PATHS = NO;
				CLANG_ANALYZER_NONNULL = YES;
				CLANG_ANALYZER_NUMBER_OBJECT_CONVERSION = YES_AGGRESSIVE;
				CLANG_CXX_LANGUAGE_STANDARD = "gnu++14";
				CLANG_CXX_LIBRARY = "libc++";
				CLANG_ENABLE_MODULES = YES;
				CLANG_ENABLE_OBJC_ARC = YES;
				CLANG_ENABLE_OBJC_WEAK = YES;
				CLANG_WARN_BLOCK_CAPTURE_AUTORELEASING = YES;
				CLANG_WARN_BOOL_CONVERSION = YES;
				CLANG_WARN_COMMA = YES;
				CLANG_WARN_CONSTANT_CONVERSION = YES;
				CLANG_WARN_DEPRECATED_OBJC_IMPLEMENTATIONS = YES;
				CLANG_WARN_DIRECT_OBJC_ISA_USAGE = YES_ERROR;
				CLANG_WARN_DOCUMENTATION_COMMENTS = YES;
				CLANG_WARN_EMPTY_BODY = YES;
				CLANG_WARN_ENUM_CONVERSION = YES;
				CLANG_WARN_INFINITE_RECURSION = YES;
				CLANG_WARN_INT_CONVERSION = YES;
				CLANG_WARN_NON_LITERAL_NULL_CONVERSION = YES;
				CLANG_WARN_OBJC_IMPLICIT_RETAIN_SELF = YES;
				CLANG_WARN_OBJC_LITERAL_CONVERSION = YES;
				CLANG_WARN_OBJC_ROOT_CLASS = YES_ERROR;
				CLANG_WARN_RANGE_LOOP_ANALYSIS = YES;
				CLANG_WARN_STRICT_PROTOTYPES = YES;
				CLANG_WARN_SUSPICIOUS_MOVE = YES;
				CLANG_WARN_UNGUARDED_AVAILABILITY = YES_AGGRESSIVE;
				CLANG_WARN_UNREACHABLE_CODE = YES;
				CLANG_WARN__DUPLICATE_METHOD_MATCH = YES;
				COPY_PHASE_STRIP = NO;
				DEBUG_INFORMATION_FORMAT = "dwarf-with-dsym";
				ENABLE_NS_ASSERTIONS = NO;
				ENABLE_STRICT_OBJC_MSGSEND = YES;
				GCC_C_LANGUAGE_STANDARD = gnu11;
				GCC_NO_COMMON_BLOCKS = YES;
				GCC_WARN_64_TO_32_BIT_CONVERSION = YES;
				GCC_WARN_ABOUT_RETURN_TYPE = YES_ERROR;
				GCC_WARN_UNDECLARED_SELECTOR = YES;
				GCC_WARN_UNINITIALIZED_AUTOS = YES_AGGRESSIVE;
				GCC_WARN_UNUSED_FUNCTION = YES;
				GCC_WARN_UNUSED_VARIABLE = YES;
				IPHONEOS_DEPLOYMENT_TARGET = 13.5;
				MTL_ENABLE_DEBUG_INFO = NO;
				MTL_FAST_MATH = YES;
				SDKROOT = iphoneos;
				SWIFT_COMPILATION_MODE = wholemodule;
				SWIFT_OPTIMIZATION_LEVEL = "-O";
				VALIDATE_PRODUCT = YES;
			};
			name = Release;
		};
		D2112BDE24C97D5300651A25 /* Debug */ = {
			isa = XCBuildConfiguration;
			buildSettings = {
				ASSETCATALOG_COMPILER_APPICON_NAME = AppIcon;
				CODE_SIGN_STYLE = Automatic;
				DEVELOPMENT_TEAM = 4NV77D6BUZ;
				INFOPLIST_FILE = UIRepresentableSample/Info.plist;
				LD_RUNPATH_SEARCH_PATHS = (
					"$(inherited)",
					"@executable_path/Frameworks",
				);
				PRODUCT_BUNDLE_IDENTIFIER = jp.scoooop.UIRepresentableSample;
				PRODUCT_NAME = "$(TARGET_NAME)";
				SWIFT_VERSION = 5.0;
				TARGETED_DEVICE_FAMILY = "1,2";
			};
			name = Debug;
		};
		D2112BDF24C97D5300651A25 /* Release */ = {
			isa = XCBuildConfiguration;
			buildSettings = {
				ASSETCATALOG_COMPILER_APPICON_NAME = AppIcon;
				CODE_SIGN_STYLE = Automatic;
				DEVELOPMENT_TEAM = 4NV77D6BUZ;
				INFOPLIST_FILE = UIRepresentableSample/Info.plist;
				LD_RUNPATH_SEARCH_PATHS = (
					"$(inherited)",
					"@executable_path/Frameworks",
				);
				PRODUCT_BUNDLE_IDENTIFIER = jp.scoooop.UIRepresentableSample;
				PRODUCT_NAME = "$(TARGET_NAME)";
				SWIFT_VERSION = 5.0;
				TARGETED_DEVICE_FAMILY = "1,2";
			};
			name = Release;
		};
/* End XCBuildConfiguration section */

/* Begin XCConfigurationList section */
		D2112BC424C97D4D00651A25 /* Build configuration list for PBXProject "UIRepresentableSample" */ = {
			isa = XCConfigurationList;
			buildConfigurations = (
				D2112BDB24C97D5300651A25 /* Debug */,
				D2112BDC24C97D5300651A25 /* Release */,
			);
			defaultConfigurationIsVisible = 0;
			defaultConfigurationName = Release;
		};
		D2112BDD24C97D5300651A25 /* Build configuration list for PBXNativeTarget "UIRepresentableSample" */ = {
			isa = XCConfigurationList;
			buildConfigurations = (
				D2112BDE24C97D5300651A25 /* Debug */,
				D2112BDF24C97D5300651A25 /* Release */,
			);
			defaultConfigurationIsVisible = 0;
			defaultConfigurationName = Release;
		};
/* End XCConfigurationList section */

/* Begin XCRemoteSwiftPackageReference section */
		D2112BE024C97F5900651A25 /* XCRemoteSwiftPackageReference "SnapKit" */ = {
			isa = XCRemoteSwiftPackageReference;
			repositoryURL = "https://github.com/SnapKit/SnapKit";
			requirement = {
				kind = upToNextMajorVersion;
				minimumVersion = 5.0.1;
			};
		};
/* End XCRemoteSwiftPackageReference section */

/* Begin XCSwiftPackageProductDependency section */
		D2112BE124C97F5900651A25 /* SnapKit */ = {
			isa = XCSwiftPackageProductDependency;
			package = D2112BE024C97F5900651A25 /* XCRemoteSwiftPackageReference "SnapKit" */;
			productName = SnapKit;
		};
/* End XCSwiftPackageProductDependency section */
	};
	rootObject = D2112BC124C97D4D00651A25 /* Project object */;
}
